
Microsoft Visual Studio Solution File, Format Version 12.00
# Visual Studio 15
VisualStudioVersion = 15.0.27703.2026
MinimumVisualStudioVersion = 10.0.40219.1
Project("{FAE04EC0-301F-11D3-BF4B-00C04F79EFBC}") = "PrimerProyecto", "PrimerProyecto\PrimerProyecto.csproj", "{90569E1B-B155-44E1-B1DA-1CD46D9426FF}"
EndProject
Global
	GlobalSection(SolutionConfigurationPlatforms) = preSolution
		Debug|Any CPU = Debug|Any CPU
		Release|Any CPU = Release|Any CPU
	EndGlobalSection
	GlobalSection(ProjectConfigurationPlatforms) = postSolution
		{90569E1B-B155-44E1-B1DA-1CD46D9426FF}.Debug|Any CPU.ActiveCfg = Debug|Any CPU
		{90569E1B-B155-44E1-B1DA-1CD46D9426FF}.Debug|Any CPU.Build.0 = Debug|Any CPU
		{90569E1B-B155-44E1-B1DA-1CD46D9426FF}.Release|Any CPU.ActiveCfg = Release|Any CPU
		{90569E1B-B155-44E1-B1DA-1CD46D9426FF}.Release|Any CPU.Build.0 = Release|Any CPU
	EndGlobalSection
	GlobalSection(SolutionProperties) = preSolution
		HideSolutionNode = FALSE
	EndGlobalSection
	GlobalSection(ExtensibilityGlobals) = postSolution
		SolutionGuid = {31A3D890-269B-4573-B317-6E99AC3CAF32}
	EndGlobalSection
EndGlobal
